
Microsoft Visual Studio Solution File, Format Version 12.00
# Visual Studio Version 16
VisualStudioVersion = 16.0.30907.101
MinimumVisualStudioVersion = 10.0.40219.1
Project("{FAE04EC0-301F-11D3-BF4B-00C04F79EFBC}") = "CandyShop", "CandyShop\CandyShop.csproj", "{236F87A0-0536-4138-A4DB-9D6C5217408C}"
EndProject
Global
	GlobalSection(SolutionConfigurationPlatforms) = preSolution
		Debug|Any CPU = Debug|Any CPU
		Release|Any CPU = Release|Any CPU
	EndGlobalSection
	GlobalSection(ProjectConfigurationPlatforms) = postSolution
		{236F87A0-0536-4138-A4DB-9D6C5217408C}.Debug|Any CPU.ActiveCfg = Debug|Any CPU
		{236F87A0-0536-4138-A4DB-9D6C5217408C}.Debug|Any CPU.Build.0 = Debug|Any CPU
		{236F87A0-0536-4138-A4DB-9D6C5217408C}.Release|Any CPU.ActiveCfg = Release|Any CPU
		{236F87A0-0536-4138-A4DB-9D6C5217408C}.Release|Any CPU.Build.0 = Release|Any CPU
	EndGlobalSection
	GlobalSection(SolutionProperties) = preSolution
		HideSolutionNode = FALSE
	EndGlobalSection
	GlobalSection(ExtensibilityGlobals) = postSolution
		SolutionGuid = {D2FD55A9-C1E1-4530-B5B6-49C273CE1002}
	EndGlobalSection
EndGlobal
